
Microsoft Visual Studio Solution File, Format Version 12.00
# Visual Studio Version 16
VisualStudioVersion = 16.0.31205.134
MinimumVisualStudioVersion = 10.0.40219.1
Project("{FAE04EC0-301F-11D3-BF4B-00C04F79EFBC}") = "WebApiCrudLearn", "WebApiCrudLearn\WebApiCrudLearn.csproj", "{D45FD826-7D62-4CE3-9A61-637B1FF0B51F}"
EndProject
Global
	GlobalSection(SolutionConfigurationPlatforms) = preSolution
		Debug|Any CPU = Debug|Any CPU
		Release|Any CPU = Release|Any CPU
	EndGlobalSection
	GlobalSection(ProjectConfigurationPlatforms) = postSolution
		{D45FD826-7D62-4CE3-9A61-637B1FF0B51F}.Debug|Any CPU.ActiveCfg = Debug|Any CPU
		{D45FD826-7D62-4CE3-9A61-637B1FF0B51F}.Debug|Any CPU.Build.0 = Debug|Any CPU
		{D45FD826-7D62-4CE3-9A61-637B1FF0B51F}.Release|Any CPU.ActiveCfg = Release|Any CPU
		{D45FD826-7D62-4CE3-9A61-637B1FF0B51F}.Release|Any CPU.Build.0 = Release|Any CPU
	EndGlobalSection
	GlobalSection(SolutionProperties) = preSolution
		HideSolutionNode = FALSE
	EndGlobalSection
	GlobalSection(ExtensibilityGlobals) = postSolution
		SolutionGuid = {532D02B7-462F-49F8-AA9C-135B02142CF0}
	EndGlobalSection
EndGlobal
